
Microsoft Visual Studio Solution File, Format Version 12.00
# Visual Studio Version 16
VisualStudioVersion = 16.0.31727.386
MinimumVisualStudioVersion = 10.0.40219.1
Project("{9A19103F-16F7-4668-BE54-9A1E7A4F7556}") = "OOPAndFiles", "OOPAndFiles\OOPAndFiles.csproj", "{EC867BDB-1253-45DC-B395-F21F70FB269B}"
EndProject
Project("{FAE04EC0-301F-11D3-BF4B-00C04F79EFBC}") = "Frozen", "Frozen\Frozen.csproj", "{A0372A21-204D-4D0F-BB75-2DCE09D9B6AC}"
EndProject
Global
	GlobalSection(SolutionConfigurationPlatforms) = preSolution
		Debug|Any CPU = Debug|Any CPU
		Release|Any CPU = Release|Any CPU
	EndGlobalSection
	GlobalSection(ProjectConfigurationPlatforms) = postSolution
		{EC867BDB-1253-45DC-B395-F21F70FB269B}.Debug|Any CPU.ActiveCfg = Debug|Any CPU
		{EC867BDB-1253-45DC-B395-F21F70FB269B}.Debug|Any CPU.Build.0 = Debug|Any CPU
		{EC867BDB-1253-45DC-B395-F21F70FB269B}.Release|Any CPU.ActiveCfg = Release|Any CPU
		{EC867BDB-1253-45DC-B395-F21F70FB269B}.Release|Any CPU.Build.0 = Release|Any CPU
		{A0372A21-204D-4D0F-BB75-2DCE09D9B6AC}.Debug|Any CPU.ActiveCfg = Debug|Any CPU
		{A0372A21-204D-4D0F-BB75-2DCE09D9B6AC}.Debug|Any CPU.Build.0 = Debug|Any CPU
		{A0372A21-204D-4D0F-BB75-2DCE09D9B6AC}.Release|Any CPU.ActiveCfg = Release|Any CPU
		{A0372A21-204D-4D0F-BB75-2DCE09D9B6AC}.Release|Any CPU.Build.0 = Release|Any CPU
	EndGlobalSection
	GlobalSection(SolutionProperties) = preSolution
		HideSolutionNode = FALSE
	EndGlobalSection
	GlobalSection(ExtensibilityGlobals) = postSolution
		SolutionGuid = {D162C0ED-2843-46BD-89A7-5D50184E6A4C}
	EndGlobalSection
EndGlobal
